// !$*UTF8*$!
{
	archiveVersion = 1;
	classes = {
	};
	objectVersion = 48;
	objects = {

/* Begin PBXBuildFile section */
		2715C2C044917DCE50D949DB /* Pods_Bind_TableView_RXSwift.framework in Frameworks */ = {isa = PBXBuildFile; fileRef = E795A7FD16AA334C39389D87 /* Pods_Bind_TableView_RXSwift.framework */; };
		B43393422054527200D85A36 /* AppDelegate.swift in Sources */ = {isa = PBXBuildFile; fileRef = B43393412054527200D85A36 /* AppDelegate.swift */; };
		B43393442054527200D85A36 /* ViewController.swift in Sources */ = {isa = PBXBuildFile; fileRef = B43393432054527200D85A36 /* ViewController.swift */; };
		B43393472054527200D85A36 /* Main.storyboard in Resources */ = {isa = PBXBuildFile; fileRef = B43393452054527200D85A36 /* Main.storyboard */; };
		B43393492054527200D85A36 /* Assets.xcassets in Resources */ = {isa = PBXBuildFile; fileRef = B43393482054527200D85A36 /* Assets.xcassets */; };
		B433934C2054527200D85A36 /* LaunchScreen.storyboard in Resources */ = {isa = PBXBuildFile; fileRef = B433934A2054527200D85A36 /* LaunchScreen.storyboard */; };
		B43393542054534E00D85A36 /* Contributor.swift in Sources */ = {isa = PBXBuildFile; fileRef = B43393532054534E00D85A36 /* Contributor.swift */; };
/* End PBXBuildFile section */

/* Begin PBXFileReference section */
		271AD8AA32585430EB1C42DA /* Pods-Bind_TableView_RXSwift.release.xcconfig */ = {isa = PBXFileReference; includeInIndex = 1; lastKnownFileType = text.xcconfig; name = "Pods-Bind_TableView_RXSwift.release.xcconfig"; path = "Pods/Target Support Files/Pods-Bind_TableView_RXSwift/Pods-Bind_TableView_RXSwift.release.xcconfig"; sourceTree = "<group>"; };
		B433933E2054527200D85A36 /* Bind_TableView_RXSwift.app */ = {isa = PBXFileReference; explicitFileType = wrapper.application; includeInIndex = 0; path = Bind_TableView_RXSwift.app; sourceTree = BUILT_PRODUCTS_DIR; };
		B43393412054527200D85A36 /* AppDelegate.swift */ = {isa = PBXFileReference; lastKnownFileType = sourcecode.swift; path = AppDelegate.swift; sourceTree = "<group>"; };
		B43393432054527200D85A36 /* ViewController.swift */ = {isa = PBXFileReference; lastKnownFileType = sourcecode.swift; path = ViewController.swift; sourceTree = "<group>"; };
		B43393462054527200D85A36 /* Base */ = {isa = PBXFileReference; lastKnownFileType = file.storyboard; name = Base; path = Base.lproj/Main.storyboard; sourceTree = "<group>"; };
		B43393482054527200D85A36 /* Assets.xcassets */ = {isa = PBXFileReference; lastKnownFileType = folder.assetcatalog; path = Assets.xcassets; sourceTree = "<group>"; };
		B433934B2054527200D85A36 /* Base */ = {isa = PBXFileReference; lastKnownFileType = file.storyboard; name = Base; path = Base.lproj/LaunchScreen.storyboard; sourceTree = "<group>"; };
		B433934D2054527200D85A36 /* Info.plist */ = {isa = PBXFileReference; lastKnownFileType = text.plist.xml; path = Info.plist; sourceTree = "<group>"; };
		B43393532054534E00D85A36 /* Contributor.swift */ = {isa = PBXFileReference; lastKnownFileType = sourcecode.swift; path = Contributor.swift; sourceTree = "<group>"; };
		E795A7FD16AA334C39389D87 /* Pods_Bind_TableView_RXSwift.framework */ = {isa = PBXFileReference; explicitFileType = wrapper.framework; includeInIndex = 0; path = Pods_Bind_TableView_RXSwift.framework; sourceTree = BUILT_PRODUCTS_DIR; };
		E7F9CB46D1CD0D811119E591 /* Pods-Bind_TableView_RXSwift.debug.xcconfig */ = {isa = PBXFileReference; includeInIndex = 1; lastKnownFileType = text.xcconfig; name = "Pods-Bind_TableView_RXSwift.debug.xcconfig"; path = "Pods/Target Support Files/Pods-Bind_TableView_RXSwift/Pods-Bind_TableView_RXSwift.debug.xcconfig"; sourceTree = "<group>"; };
/* End PBXFileReference section */

/* Begin PBXFrameworksBuildPhase section */
		B433933B2054527200D85A36 /* Frameworks */ = {
			isa = PBXFrameworksBuildPhase;
			buildActionMask = 2147483647;
			files = (
				2715C2C044917DCE50D949DB /* Pods_Bind_TableView_RXSwift.framework in Frameworks */,
			);
			runOnlyForDeploymentPostprocessing = 0;
		};
/* End PBXFrameworksBuildPhase section */

/* Begin PBXGroup section */
		B43393352054527200D85A36 = {
			isa = PBXGroup;
			children = (
				B43393402054527200D85A36 /* Bind_TableView_RXSwift */,
				B433933F2054527200D85A36 /* Products */,
				F52DB8EE142AE529DC30C267 /* Pods */,
				BA9C44996974053AF0FCD95E /* Frameworks */,
			);
			sourceTree = "<group>";
		};
		B433933F2054527200D85A36 /* Products */ = {
			isa = PBXGroup;
			children = (
				B433933E2054527200D85A36 /* Bind_TableView_RXSwift.app */,
			);
			name = Products;
			sourceTree = "<group>";
		};
		B43393402054527200D85A36 /* Bind_TableView_RXSwift */ = {
			isa = PBXGroup;
			children = (
				B43393412054527200D85A36 /* AppDelegate.swift */,
				B43393432054527200D85A36 /* ViewController.swift */,
				B43393532054534E00D85A36 /* Contributor.swift */,
				B43393452054527200D85A36 /* Main.storyboard */,
				B43393482054527200D85A36 /* Assets.xcassets */,
				B433934A2054527200D85A36 /* LaunchScreen.storyboard */,
				B433934D2054527200D85A36 /* Info.plist */,
			);
			path = Bind_TableView_RXSwift;
			sourceTree = "<group>";
		};
		BA9C44996974053AF0FCD95E /* Frameworks */ = {
			isa = PBXGroup;
			children = (
				E795A7FD16AA334C39389D87 /* Pods_Bind_TableView_RXSwift.framework */,
			);
			name = Frameworks;
			sourceTree = "<group>";
		};
		F52DB8EE142AE529DC30C267 /* Pods */ = {
			isa = PBXGroup;
			children = (
				E7F9CB46D1CD0D811119E591 /* Pods-Bind_TableView_RXSwift.debug.xcconfig */,
				271AD8AA32585430EB1C42DA /* Pods-Bind_TableView_RXSwift.release.xcconfig */,
			);
			name = Pods;
			sourceTree = "<group>";
		};
/* End PBXGroup section */

/* Begin PBXNativeTarget section */
		B433933D2054527200D85A36 /* Bind_TableView_RXSwift */ = {
			isa = PBXNativeTarget;
			buildConfigurationList = B43393502054527200D85A36 /* Build configuration list for PBXNativeTarget "Bind_TableView_RXSwift" */;
			buildPhases = (
				B23A3E40EC4CBF707E040686 /* [CP] Check Pods Manifest.lock */,
				B433933A2054527200D85A36 /* Sources */,
				B433933B2054527200D85A36 /* Frameworks */,
				B433933C2054527200D85A36 /* Resources */,
				C02F780A3CDEBABFF49CB477 /* [CP] Embed Pods Frameworks */,
				8E98383CC37F289319E8BA67 /* [CP] Copy Pods Resources */,
			);
			buildRules = (
			);
			dependencies = (
			);
			name = Bind_TableView_RXSwift;
			productName = Bind_TableView_RXSwift;
			productReference = B433933E2054527200D85A36 /* Bind_TableView_RXSwift.app */;
			productType = "com.apple.product-type.application";
		};
/* End PBXNativeTarget section */

/* Begin PBXProject section */
		B43393362054527200D85A36 /* Project object */ = {
			isa = PBXProject;
			attributes = {
				LastSwiftUpdateCheck = 0920;
				LastUpgradeCheck = 0920;
				ORGANIZATIONNAME = icologic;
				TargetAttributes = {
					B433933D2054527200D85A36 = {
						CreatedOnToolsVersion = 9.2;
						ProvisioningStyle = Automatic;
					};
				};
			};
			buildConfigurationList = B43393392054527200D85A36 /* Build configuration list for PBXProject "Bind_TableView_RXSwift" */;
			compatibilityVersion = "Xcode 8.0";
			developmentRegion = en;
			hasScannedForEncodings = 0;
			knownRegions = (
				en,
				Base,
			);
			mainGroup = B43393352054527200D85A36;
			productRefGroup = B433933F2054527200D85A36 /* Products */;
			projectDirPath = "";
			projectRoot = "";
			targets = (
				B433933D2054527200D85A36 /* Bind_TableView_RXSwift */,
			);
		};
/* End PBXProject section */

/* Begin PBXResourcesBuildPhase section */
		B433933C2054527200D85A36 /* Resources */ = {
			isa = PBXResourcesBuildPhase;
			buildActionMask = 2147483647;
			files = (
				B433934C2054527200D85A36 /* LaunchScreen.storyboard in Resources */,
				B43393492054527200D85A36 /* Assets.xcassets in Resources */,
				B43393472054527200D85A36 /* Main.storyboard in Resources */,
			);
			runOnlyForDeploymentPostprocessing = 0;
		};
/* End PBXResourcesBuildPhase section */

/* Begin PBXShellScriptBuildPhase section */
		8E98383CC37F289319E8BA67 /* [CP] Copy Pods Resources */ = {
			isa = PBXShellScriptBuildPhase;
			buildActionMask = 2147483647;
			files = (
			);
			inputPaths = (
			);
			name = "[CP] Copy Pods Resources";
			outputPaths = (
			);
			runOnlyForDeploymentPostprocessing = 0;
			shellPath = /bin/sh;
			shellScript = "\"${SRCROOT}/Pods/Target Support Files/Pods-Bind_TableView_RXSwift/Pods-Bind_TableView_RXSwift-resources.sh\"\n";
			showEnvVarsInLog = 0;
		};
		B23A3E40EC4CBF707E040686 /* [CP] Check Pods Manifest.lock */ = {
			isa = PBXShellScriptBuildPhase;
			buildActionMask = 2147483647;
			files = (
			);
			inputPaths = (
				"${PODS_PODFILE_DIR_PATH}/Podfile.lock",
				"${PODS_ROOT}/Manifest.lock",
			);
			name = "[CP] Check Pods Manifest.lock";
			outputPaths = (
				"$(DERIVED_FILE_DIR)/Pods-Bind_TableView_RXSwift-checkManifestLockResult.txt",
			);
			runOnlyForDeploymentPostprocessing = 0;
			shellPath = /bin/sh;
			shellScript = "diff \"${PODS_PODFILE_DIR_PATH}/Podfile.lock\" \"${PODS_ROOT}/Manifest.lock\" > /dev/null\nif [ $? != 0 ] ; then\n    # print error to STDERR\n    echo \"error: The sandbox is not in sync with the Podfile.lock. Run 'pod install' or update your CocoaPods installation.\" >&2\n    exit 1\nfi\n# This output is used by Xcode 'outputs' to avoid re-running this script phase.\necho \"SUCCESS\" > \"${SCRIPT_OUTPUT_FILE_0}\"\n";
			showEnvVarsInLog = 0;
		};
		C02F780A3CDEBABFF49CB477 /* [CP] Embed Pods Frameworks */ = {
			isa = PBXShellScriptBuildPhase;
			buildActionMask = 2147483647;
			files = (
			);
			inputPaths = (
				"${SRCROOT}/Pods/Target Support Files/Pods-Bind_TableView_RXSwift/Pods-Bind_TableView_RXSwift-frameworks.sh",
				"${BUILT_PRODUCTS_DIR}/RxCocoa/RxCocoa.framework",
				"${BUILT_PRODUCTS_DIR}/RxSwift/RxSwift.framework",
			);
			name = "[CP] Embed Pods Frameworks";
			outputPaths = (
				"${TARGET_BUILD_DIR}/${FRAMEWORKS_FOLDER_PATH}/RxCocoa.framework",
				"${TARGET_BUILD_DIR}/${FRAMEWORKS_FOLDER_PATH}/RxSwift.framework",
			);
			runOnlyForDeploymentPostprocessing = 0;
			shellPath = /bin/sh;
			shellScript = "\"${SRCROOT}/Pods/Target Support Files/Pods-Bind_TableView_RXSwift/Pods-Bind_TableView_RXSwift-frameworks.sh\"\n";
			showEnvVarsInLog = 0;
		};
/* End PBXShellScriptBuildPhase section */

/* Begin PBXSourcesBuildPhase section */
		B433933A2054527200D85A36 /* Sources */ = {
			isa = PBXSourcesBuildPhase;
			buildActionMask = 2147483647;
			files = (
				B43393442054527200D85A36 /* ViewController.swift in Sources */,
				B43393542054534E00D85A36 /* Contributor.swift in Sources */,
				B43393422054527200D85A36 /* AppDelegate.swift in Sources */,
			);
			runOnlyForDeploymentPostprocessing = 0;
		};
/* End PBXSourcesBuildPhase section */

/* Begin PBXVariantGroup section */
		B43393452054527200D85A36 /* Main.storyboard */ = {
			isa = PBXVariantGroup;
			children = (
				B43393462054527200D85A36 /* Base */,
			);
			name = Main.storyboard;
			sourceTree = "<group>";
		};
		B433934A2054527200D85A36 /* LaunchScreen.storyboard */ = {
			isa = PBXVariantGroup;
			children = (
				B433934B2054527200D85A36 /* Base */,
			);
			name = LaunchScreen.storyboard;
			sourceTree = "<group>";
		};
/* End PBXVariantGroup section */

/* Begin XCBuildConfiguration section */
		B433934E2054527200D85A36 /* Debug */ = {
			isa = XCBuildConfiguration;
			buildSettings = {
				ALWAYS_SEARCH_USER_PATHS = NO;
				CLANG_ANALYZER_NONNULL = YES;
				CLANG_ANALYZER_NUMBER_OBJECT_CONVERSION = YES_AGGRESSIVE;
				CLANG_CXX_LANGUAGE_STANDARD = "gnu++14";
				CLANG_CXX_LIBRARY = "libc++";
				CLANG_ENABLE_MODULES = YES;
				CLANG_ENABLE_OBJC_ARC = YES;
				CLANG_WARN_BLOCK_CAPTURE_AUTORELEASING = YES;
				CLANG_WARN_BOOL_CONVERSION = YES;
				CLANG_WARN_COMMA = YES;
				CLANG_WARN_CONSTANT_CONVERSION = YES;
				CLANG_WARN_DIRECT_OBJC_ISA_USAGE = YES_ERROR;
				CLANG_WARN_DOCUMENTATION_COMMENTS = YES;
				CLANG_WARN_EMPTY_BODY = YES;
				CLANG_WARN_ENUM_CONVERSION = YES;
				CLANG_WARN_INFINITE_RECURSION = YES;
				CLANG_WARN_INT_CONVERSION = YES;
				CLANG_WARN_NON_LITERAL_NULL_CONVERSION = YES;
				CLANG_WARN_OBJC_LITERAL_CONVERSION = YES;
				CLANG_WARN_OBJC_ROOT_CLASS = YES_ERROR;
				CLANG_WARN_RANGE_LOOP_ANALYSIS = YES;
				CLANG_WARN_STRICT_PROTOTYPES = YES;
				CLANG_WARN_SUSPICIOUS_MOVE = YES;
				CLANG_WARN_UNGUARDED_AVAILABILITY = YES_AGGRESSIVE;
				CLANG_WARN_UNREACHABLE_CODE = YES;
				CLANG_WARN__DUPLICATE_METHOD_MATCH = YES;
				CODE_SIGN_IDENTITY = "iPhone Developer";
				COPY_PHASE_STRIP = NO;
				DEBUG_INFORMATION_FORMAT = dwarf;
				ENABLE_STRICT_OBJC_MSGSEND = YES;
				ENABLE_TESTABILITY = YES;
				GCC_C_LANGUAGE_STANDARD = gnu11;
				GCC_DYNAMIC_NO_PIC = NO;
				GCC_NO_COMMON_BLOCKS = YES;
				GCC_OPTIMIZATION_LEVEL = 0;
				GCC_PREPROCESSOR_DEFINITIONS = (
					"DEBUG=1",
					"$(inherited)",
				);
				GCC_WARN_64_TO_32_BIT_CONVERSION = YES;
				GCC_WARN_ABOUT_RETURN_TYPE = YES_ERROR;
				GCC_WARN_UNDECLARED_SELECTOR = YES;
				GCC_WARN_UNINITIALIZED_AUTOS = YES_AGGRESSIVE;
				GCC_WARN_UNUSED_FUNCTION = YES;
				GCC_WARN_UNUSED_VARIABLE = YES;
				IPHONEOS_DEPLOYMENT_TARGET = 11.2;
				MTL_ENABLE_DEBUG_INFO = YES;
				ONLY_ACTIVE_ARCH = YES;
				SDKROOT = iphoneos;
				SWIFT_ACTIVE_COMPILATION_CONDITIONS = DEBUG;
				SWIFT_OPTIMIZATION_LEVEL = "-Onone";
			};
			name = Debug;
		};
		B433934F2054527200D85A36 /* Release */ = {
			isa = XCBuildConfiguration;
			buildSettings = {
				ALWAYS_SEARCH_USER_PATHS = NO;
				CLANG_ANALYZER_NONNULL = YES;
				CLANG_ANALYZER_NUMBER_OBJECT_CONVERSION = YES_AGGRESSIVE;
				CLANG_CXX_LANGUAGE_STANDARD = "gnu++14";
				CLANG_CXX_LIBRARY = "libc++";
				CLANG_ENABLE_MODULES = YES;
				CLANG_ENABLE_OBJC_ARC = YES;
				CLANG_WARN_BLOCK_CAPTURE_AUTORELEASING = YES;
				CLANG_WARN_BOOL_CONVERSION = YES;
				CLANG_WARN_COMMA = YES;
				CLANG_WARN_CONSTANT_CONVERSION = YES;
				CLANG_WARN_DIRECT_OBJC_ISA_USAGE = YES_ERROR;
				CLANG_WARN_DOCUMENTATION_COMMENTS = YES;
				CLANG_WARN_EMPTY_BODY = YES;
				CLANG_WARN_ENUM_CONVERSION = YES;
				CLANG_WARN_INFINITE_RECURSION = YES;
				CLANG_WARN_INT_CONVERSION = YES;
				CLANG_WARN_NON_LITERAL_NULL_CONVERSION = YES;
				CLANG_WARN_OBJC_LITERAL_CONVERSION = YES;
				CLANG_WARN_OBJC_ROOT_CLASS = YES_ERROR;
				CLANG_WARN_RANGE_LOOP_ANALYSIS = YES;
				CLANG_WARN_STRICT_PROTOTYPES = YES;
				CLANG_WARN_SUSPICIOUS_MOVE = YES;
				CLANG_WARN_UNGUARDED_AVAILABILITY = YES_AGGRESSIVE;
				CLANG_WARN_UNREACHABLE_CODE = YES;
				CLANG_WARN__DUPLICATE_METHOD_MATCH = YES;
				CODE_SIGN_IDENTITY = "iPhone Developer";
				COPY_PHASE_STRIP = NO;
				DEBUG_INFORMATION_FORMAT = "dwarf-with-dsym";
				ENABLE_NS_ASSERTIONS = NO;
				ENABLE_STRICT_OBJC_MSGSEND = YES;
				GCC_C_LANGUAGE_STANDARD = gnu11;
				GCC_NO_COMMON_BLOCKS = YES;
				GCC_WARN_64_TO_32_BIT_CONVERSION = YES;
				GCC_WARN_ABOUT_RETURN_TYPE = YES_ERROR;
				GCC_WARN_UNDECLARED_SELECTOR = YES;
				GCC_WARN_UNINITIALIZED_AUTOS = YES_AGGRESSIVE;
				GCC_WARN_UNUSED_FUNCTION = YES;
				GCC_WARN_UNUSED_VARIABLE = YES;
				IPHONEOS_DEPLOYMENT_TARGET = 11.2;
				MTL_ENABLE_DEBUG_INFO = NO;
				SDKROOT = iphoneos;
				SWIFT_OPTIMIZATION_LEVEL = "-Owholemodule";
				VALIDATE_PRODUCT = YES;
			};
			name = Release;
		};
		B43393512054527200D85A36 /* Debug */ = {
			isa = XCBuildConfiguration;
			baseConfigurationReference = E7F9CB46D1CD0D811119E591 /* Pods-Bind_TableView_RXSwift.debug.xcconfig */;
			buildSettings = {
				ASSETCATALOG_COMPILER_APPICON_NAME = AppIcon;
				CODE_SIGN_STYLE = Automatic;
				DEVELOPMENT_TEAM = 2C7W4RF846;
				INFOPLIST_FILE = Bind_TableView_RXSwift/Info.plist;
				LD_RUNPATH_SEARCH_PATHS = "$(inherited) @executable_path/Frameworks";
				PRODUCT_BUNDLE_IDENTIFIER = "com.icologic.iOS.Bind-TableView-RXSwift";
				PRODUCT_NAME = "$(TARGET_NAME)";
				SWIFT_VERSION = 4.0;
				TARGETED_DEVICE_FAMILY = "1,2";
			};
			name = Debug;
		};
		B43393522054527200D85A36 /* Release */ = {
			isa = XCBuildConfiguration;
			baseConfigurationReference = 271AD8AA32585430EB1C42DA /* Pods-Bind_TableView_RXSwift.release.xcconfig */;
			buildSettings = {
				ASSETCATALOG_COMPILER_APPICON_NAME = AppIcon;
				CODE_SIGN_STYLE = Automatic;
				DEVELOPMENT_TEAM = 2C7W4RF846;
				INFOPLIST_FILE = Bind_TableView_RXSwift/Info.plist;
				LD_RUNPATH_SEARCH_PATHS = "$(inherited) @executable_path/Frameworks";
				PRODUCT_BUNDLE_IDENTIFIER = "com.icologic.iOS.Bind-TableView-RXSwift";
				PRODUCT_NAME = "$(TARGET_NAME)";
				SWIFT_VERSION = 4.0;
				TARGETED_DEVICE_FAMILY = "1,2";
			};
			name = Release;
		};
/* End XCBuildConfiguration section */

/* Begin XCConfigurationList section */
		B43393392054527200D85A36 /* Build configuration list for PBXProject "Bind_TableView_RXSwift" */ = {
			isa = XCConfigurationList;
			buildConfigurations = (
				B433934E2054527200D85A36 /* Debug */,
				B433934F2054527200D85A36 /* Release */,
			);
			defaultConfigurationIsVisible = 0;
			defaultConfigurationName = Release;
		};
		B43393502054527200D85A36 /* Build configuration list for PBXNativeTarget "Bind_TableView_RXSwift" */ = {
			isa = XCConfigurationList;
			buildConfigurations = (
				B43393512054527200D85A36 /* Debug */,
				B43393522054527200D85A36 /* Release */,
			);
			defaultConfigurationIsVisible = 0;
			defaultConfigurationName = Release;
		};
/* End XCConfigurationList section */
	};
	rootObject = B43393362054527200D85A36 /* Project object */;
}
